
Microsoft Visual Studio Solution File, Format Version 12.00
# Visual Studio Version 17
VisualStudioVersion = 17.13.35913.81 d17.13
MinimumVisualStudioVersion = 10.0.40219.1
Project("{FAE04EC0-301F-11D3-BF4B-00C04F79EFBC}") = "DesignPatternsApp", "DesignPatternsApp\DesignPatternsApp.csproj", "{A68C6850-C33C-497F-8D9B-01B32D42DE04}"
EndProject
Global
	GlobalSection(SolutionConfigurationPlatforms) = preSolution
		Debug|Any CPU = Debug|Any CPU
		Release|Any CPU = Release|Any CPU
	EndGlobalSection
	GlobalSection(ProjectConfigurationPlatforms) = postSolution
		{A68C6850-C33C-497F-8D9B-01B32D42DE04}.Debug|Any CPU.ActiveCfg = Debug|Any CPU
		{A68C6850-C33C-497F-8D9B-01B32D42DE04}.Debug|Any CPU.Build.0 = Debug|Any CPU
		{A68C6850-C33C-497F-8D9B-01B32D42DE04}.Release|Any CPU.ActiveCfg = Release|Any CPU
		{A68C6850-C33C-497F-8D9B-01B32D42DE04}.Release|Any CPU.Build.0 = Release|Any CPU
	EndGlobalSection
	GlobalSection(SolutionProperties) = preSolution
		HideSolutionNode = FALSE
	EndGlobalSection
	GlobalSection(ExtensibilityGlobals) = postSolution
		SolutionGuid = {7A6413FA-8587-425D-AC27-893AAC7F1814}
	EndGlobalSection
EndGlobal
